github.com/m0ose01/personal-website v0.0.0-20250414215204-eab522b08f93 h1:tsnoTFHMbCxz+VYziz7ZLdUA93N8hoRLjHUtSChmTFE=
github.com/m0ose01/personal-website v0.0.0-20250414215204-eab522b08f93/go.mod h1:YGeFk6Gba/ly/qeox/7RN67372A4zLIOVBvZAJv/Rvs=
github.com/m0ose01/personal-website v0.0.0-20250414220802-34741911d4f6 h1:VjW7am93at1zc3aq8WxjARNCwKYyjSJwONZIJjkuQ1s=
github.com/m0ose01/personal-website v0.0.0-20250414220802-34741911d4f6/go.mod h1:YGeFk6Gba/ly/qeox/7RN67372A4zLIOVBvZAJv/Rvs=
