github.com/m0ose01/personal-website v0.0.0-20250414215204-eab522b08f93 h1:tsnoTFHMbCxz+VYziz7ZLdUA93N8hoRLjHUtSChmTFE=
github.com/m0ose01/personal-website v0.0.0-20250414215204-eab522b08f93/go.mod h1:YGeFk6Gba/ly/qeox/7RN67372A4zLIOVBvZAJv/Rvs=
github.com/m0ose01/personal-website v0.0.0-20250414220802-34741911d4f6 h1:VjW7am93at1zc3aq8WxjARNCwKYyjSJwONZIJjkuQ1s=
github.com/m0ose01/personal-website v0.0.0-20250414220802-34741911d4f6/go.mod h1:YGeFk6Gba/ly/qeox/7RN67372A4zLIOVBvZAJv/Rvs=
github.com/m0ose01/personal-website v0.0.0-20250414235439-da31ffe0d23e h1:WsTiRX7xtLl7DZq7C9jdhuP2o7JnmOvmHx/RPR4Ck2M=
github.com/m0ose01/personal-website v0.0.0-20250414235439-da31ffe0d23e/go.mod h1:YGeFk6Gba/ly/qeox/7RN67372A4zLIOVBvZAJv/Rvs=
github.com/m0ose01/personal-website v0.0.0-20250415105654-4e7613e4c805 h1:D7vl8iG/E+6mneAQbWXvD2rA/tN/STtpceJcNU08lEI=
github.com/m0ose01/personal-website v0.0.0-20250415105654-4e7613e4c805/go.mod h1:YGeFk6Gba/ly/qeox/7RN67372A4zLIOVBvZAJv/Rvs=
github.com/m0ose01/personal-website v0.0.0-20250415110801-d1bb95b57f35 h1:BMjZLLwF1txLRfvg5ZFwa8F1ypRqR7SOyCV8tRR5Cb0=
github.com/m0ose01/personal-website v0.0.0-20250415110801-d1bb95b57f35/go.mod h1:YGeFk6Gba/ly/qeox/7RN67372A4zLIOVBvZAJv/Rvs=
github.com/m0ose01/personal-website v0.0.0-20250416212149-1769574b54e0 h1:koIX4EcLdi1hfSCuUhzGaTDlxP4z/kH5fTIA+IHz9PE=
github.com/m0ose01/personal-website v0.0.0-20250416212149-1769574b54e0/go.mod h1:YGeFk6Gba/ly/qeox/7RN67372A4zLIOVBvZAJv/Rvs=
github.com/m0ose01/personal-website v0.0.0-20250420231631-97561883b4ed h1:pk9ZlLdztHADxvBZkX5oOn52UPhzirgtmxC15AwuydQ=
github.com/m0ose01/personal-website v0.0.0-20250420231631-97561883b4ed/go.mod h1:YGeFk6Gba/ly/qeox/7RN67372A4zLIOVBvZAJv/Rvs=
